{
  "name": "workday-xslt",
  "version": "1.0.0",
  "lockfileVersion": 3,
  "requires": true,
  "packages": {
    "": {
      "name": "workday-xslt",
      "version": "1.0.0",
      "dependencies": {
        "xslt-processor": "^3.3.1"
      }
    },
    "node_modules/he": {
      "version": "1.2.0",
      "resolved": "https://registry.npmjs.org/he/-/he-1.2.0.tgz",
      "integrity": "sha512-F/1DnUGPopORZi0ni+CvrCgHQ5FyEAHRLSApuYWMmrbSwoN2Mn/7k+Gl38gJnR7yyDZk6WLXwiGod1JOWNDKGw==",
      "license": "MIT",
      "bin": {
        "he": "bin/he"
      }
    },
    "node_modules/xslt-processor": {
      "version": "3.3.1",
      "resolved": "https://registry.npmjs.org/xslt-processor/-/xslt-processor-3.3.1.tgz",
      "integrity": "sha512-yzuV5H8mSZseF06/y4lpm6lbsG7QcBFO/9TI12sjK6/pvpx1BXdS9nFIcDViJkruXn4PFzhYHI3KiQPG2PaC1g==",
      "license": "LGPL-3.0",
      "dependencies": {
        "he": "^1.2.0"
      }
    }
  }
}
